
Microsoft Visual Studio Solution File, Format Version 12.00
# Visual Studio Version 16
VisualStudioVersion = 16.0.30011.22
MinimumVisualStudioVersion = 10.0.40219.1
Project("{FAE04EC0-301F-11D3-BF4B-00C04F79EFBC}") = "AlbionAutoBot.App", "AlbionAutoBot.App\AlbionAutoBot.App.csproj", "{47D21BE0-4EC7-4F56-8CC9-F9574916E08E}"
EndProject
Project("{FAE04EC0-301F-11D3-BF4B-00C04F79EFBC}") = "AlbionAutoBot.Database", "AlbionAutoBot.Database\AlbionAutoBot.Database.csproj", "{C6332FBC-E4E2-47BB-9DAE-D48E072676F5}"
EndProject
Project("{FAE04EC0-301F-11D3-BF4B-00C04F79EFBC}") = "AlbionAutoBot.Driver", "AlbionAutoBot.Driver\AlbionAutoBot.Driver.csproj", "{3DD4EBE2-7996-45EE-AA99-B060795A2010}"
EndProject
Project("{2150E333-8FDC-42A3-9474-1A3956D46DE8}") = "General", "General", "{065530F7-5109-4B4A-B55B-EC0848041899}"
	ProjectSection(SolutionItems) = preProject
		SolutionAssemblyInfo.cs = SolutionAssemblyInfo.cs
	EndProjectSection
EndProject
Global
	GlobalSection(SolutionConfigurationPlatforms) = preSolution
		Debug|x64 = Debug|x64
		Release|x64 = Release|x64
	EndGlobalSection
	GlobalSection(ProjectConfigurationPlatforms) = postSolution
		{47D21BE0-4EC7-4F56-8CC9-F9574916E08E}.Debug|x64.ActiveCfg = Debug|x64
		{47D21BE0-4EC7-4F56-8CC9-F9574916E08E}.Debug|x64.Build.0 = Debug|x64
		{47D21BE0-4EC7-4F56-8CC9-F9574916E08E}.Release|x64.ActiveCfg = Release|x64
		{47D21BE0-4EC7-4F56-8CC9-F9574916E08E}.Release|x64.Build.0 = Release|x64
		{C6332FBC-E4E2-47BB-9DAE-D48E072676F5}.Debug|x64.ActiveCfg = Debug|x64
		{C6332FBC-E4E2-47BB-9DAE-D48E072676F5}.Debug|x64.Build.0 = Debug|x64
		{C6332FBC-E4E2-47BB-9DAE-D48E072676F5}.Release|x64.ActiveCfg = Release|x64
		{C6332FBC-E4E2-47BB-9DAE-D48E072676F5}.Release|x64.Build.0 = Release|x64
		{3DD4EBE2-7996-45EE-AA99-B060795A2010}.Debug|x64.ActiveCfg = Debug|x64
		{3DD4EBE2-7996-45EE-AA99-B060795A2010}.Debug|x64.Build.0 = Debug|x64
		{3DD4EBE2-7996-45EE-AA99-B060795A2010}.Release|x64.ActiveCfg = Release|x64
		{3DD4EBE2-7996-45EE-AA99-B060795A2010}.Release|x64.Build.0 = Release|x64
	EndGlobalSection
	GlobalSection(SolutionProperties) = preSolution
		HideSolutionNode = FALSE
	EndGlobalSection
	GlobalSection(ExtensibilityGlobals) = postSolution
		SolutionGuid = {0A3012CB-A70A-44A1-983B-B25C924BF138}
	EndGlobalSection
EndGlobal
